// !$*UTF8*$!
{
	archiveVersion = 1;
	classes = {
	};
	objectVersion = 46;
	objects = {

/* Begin PBXBuildFile section */
		A50F67EB1B30405400B75059 /* MCChatChat.m in Sources */ = {isa = PBXBuildFile; fileRef = A50F67EA1B30405400B75059 /* MCChatChat.m */; };
		A50F67EE1B3051B200B75059 /* ding-sound.mp3 in Resources */ = {isa = PBXBuildFile; fileRef = A50F67ED1B3051B200B75059 /* ding-sound.mp3 */; };
		A50F67F01B30526900B75059 /* AVFoundation.framework in Frameworks */ = {isa = PBXBuildFile; fileRef = A50F67EF1B30526900B75059 /* AVFoundation.framework */; };
		A50F67F31B307E8200B75059 /* CoreLocation.framework in Frameworks */ = {isa = PBXBuildFile; fileRef = A50F67F21B307E8200B75059 /* CoreLocation.framework */; };
		A50F67F71B30C16500B75059 /* LocationMonitor.m in Sources */ = {isa = PBXBuildFile; fileRef = A50F67F61B30C16500B75059 /* LocationMonitor.m */; };
		A50F67FA1B333BFA00B75059 /* CompanionTableCellView.m in Sources */ = {isa = PBXBuildFile; fileRef = A50F67F91B333BFA00B75059 /* CompanionTableCellView.m */; };
		A5187E091B2C568D007D8B7A /* MainWindowController.m in Sources */ = {isa = PBXBuildFile; fileRef = A5187E081B2C568D007D8B7A /* MainWindowController.m */; };
		A5187E0D1B2C6194007D8B7A /* EnterYourNameController.m in Sources */ = {isa = PBXBuildFile; fileRef = A5187E0C1B2C6194007D8B7A /* EnterYourNameController.m */; };
		A52CE7AC1B1B01E2005020A5 /* MCChatClient.m in Sources */ = {isa = PBXBuildFile; fileRef = A52CE7AB1B1B01E2005020A5 /* MCChatClient.m */; };
		A52CE7B21B1B2AE9005020A5 /* MCChatUser.m in Sources */ = {isa = PBXBuildFile; fileRef = A52CE7B11B1B2AE9005020A5 /* MCChatUser.m */; };
		A53B85731AA5E7F300C191C2 /* MCChatCore.m in Sources */ = {isa = PBXBuildFile; fileRef = A53B85721AA5E7F300C191C2 /* MCChatCore.m */; };
		A58C542B1AA5E25900059106 /* AppDelegate.m in Sources */ = {isa = PBXBuildFile; fileRef = A58C542A1AA5E25900059106 /* AppDelegate.m */; };
		A58C542D1AA5E25900059106 /* main.m in Sources */ = {isa = PBXBuildFile; fileRef = A58C542C1AA5E25900059106 /* main.m */; };
		A58C54301AA5E25900059106 /* CompanionsLstViewController.m in Sources */ = {isa = PBXBuildFile; fileRef = A58C542F1AA5E25900059106 /* CompanionsLstViewController.m */; };
		A58C54321AA5E25900059106 /* Images.xcassets in Resources */ = {isa = PBXBuildFile; fileRef = A58C54311AA5E25900059106 /* Images.xcassets */; };
		A58C54351AA5E25900059106 /* Main.storyboard in Resources */ = {isa = PBXBuildFile; fileRef = A58C54331AA5E25900059106 /* Main.storyboard */; };
		A58C54411AA5E25A00059106 /* mchatTests.m in Sources */ = {isa = PBXBuildFile; fileRef = A58C54401AA5E25A00059106 /* mchatTests.m */; };
/* End PBXBuildFile section */

/* Begin PBXContainerItemProxy section */
		A58C543B1AA5E25A00059106 /* PBXContainerItemProxy */ = {
			isa = PBXContainerItemProxy;
			containerPortal = A58C541C1AA5E25900059106 /* Project object */;
			proxyType = 1;
			remoteGlobalIDString = A58C54231AA5E25900059106;
			remoteInfo = mchat;
		};
/* End PBXContainerItemProxy section */

/* Begin PBXFileReference section */
		A50F67E91B30405400B75059 /* MCChatChat.h */ = {isa = PBXFileReference; fileEncoding = 4; lastKnownFileType = sourcecode.c.h; path = MCChatChat.h; sourceTree = "<group>"; };
		A50F67EA1B30405400B75059 /* MCChatChat.m */ = {isa = PBXFileReference; fileEncoding = 4; lastKnownFileType = sourcecode.c.objc; path = MCChatChat.m; sourceTree = "<group>"; };
		A50F67ED1B3051B200B75059 /* ding-sound.mp3 */ = {isa = PBXFileReference; lastKnownFileType = audio.mp3; path = "ding-sound.mp3"; sourceTree = "<group>"; };
		A50F67EF1B30526900B75059 /* AVFoundation.framework */ = {isa = PBXFileReference; lastKnownFileType = wrapper.framework; name = AVFoundation.framework; path = System/Library/Frameworks/AVFoundation.framework; sourceTree = SDKROOT; };
		A50F67F21B307E8200B75059 /* CoreLocation.framework */ = {isa = PBXFileReference; lastKnownFileType = wrapper.framework; name = CoreLocation.framework; path = System/Library/Frameworks/CoreLocation.framework; sourceTree = SDKROOT; };
		A50F67F51B30C16500B75059 /* LocationMonitor.h */ = {isa = PBXFileReference; fileEncoding = 4; lastKnownFileType = sourcecode.c.h; path = LocationMonitor.h; sourceTree = "<group>"; };
		A50F67F61B30C16500B75059 /* LocationMonitor.m */ = {isa = PBXFileReference; fileEncoding = 4; lastKnownFileType = sourcecode.c.objc; path = LocationMonitor.m; sourceTree = "<group>"; };
		A50F67F81B333BFA00B75059 /* CompanionTableCellView.h */ = {isa = PBXFileReference; fileEncoding = 4; lastKnownFileType = sourcecode.c.h; path = CompanionTableCellView.h; sourceTree = "<group>"; };
		A50F67F91B333BFA00B75059 /* CompanionTableCellView.m */ = {isa = PBXFileReference; fileEncoding = 4; lastKnownFileType = sourcecode.c.objc; path = CompanionTableCellView.m; sourceTree = "<group>"; };
		A5187E071B2C568D007D8B7A /* MainWindowController.h */ = {isa = PBXFileReference; fileEncoding = 4; lastKnownFileType = sourcecode.c.h; path = MainWindowController.h; sourceTree = "<group>"; };
		A5187E081B2C568D007D8B7A /* MainWindowController.m */ = {isa = PBXFileReference; fileEncoding = 4; lastKnownFileType = sourcecode.c.objc; path = MainWindowController.m; sourceTree = "<group>"; };
		A5187E0B1B2C6194007D8B7A /* EnterYourNameController.h */ = {isa = PBXFileReference; fileEncoding = 4; lastKnownFileType = sourcecode.c.h; path = EnterYourNameController.h; sourceTree = "<group>"; };
		A5187E0C1B2C6194007D8B7A /* EnterYourNameController.m */ = {isa = PBXFileReference; fileEncoding = 4; lastKnownFileType = sourcecode.c.objc; path = EnterYourNameController.m; sourceTree = "<group>"; };
		A52CE7AA1B1B01E2005020A5 /* MCChatClient.h */ = {isa = PBXFileReference; fileEncoding = 4; lastKnownFileType = sourcecode.c.h; path = MCChatClient.h; sourceTree = "<group>"; };
		A52CE7AB1B1B01E2005020A5 /* MCChatClient.m */ = {isa = PBXFileReference; fileEncoding = 4; lastKnownFileType = sourcecode.c.objc; path = MCChatClient.m; sourceTree = "<group>"; };
		A52CE7B01B1B2AE9005020A5 /* MCChatUser.h */ = {isa = PBXFileReference; fileEncoding = 4; lastKnownFileType = sourcecode.c.h; path = MCChatUser.h; sourceTree = "<group>"; };
		A52CE7B11B1B2AE9005020A5 /* MCChatUser.m */ = {isa = PBXFileReference; fileEncoding = 4; lastKnownFileType = sourcecode.c.objc; path = MCChatUser.m; sourceTree = "<group>"; };
		A53B85711AA5E7F300C191C2 /* MCChatCore.h */ = {isa = PBXFileReference; fileEncoding = 4; lastKnownFileType = sourcecode.c.h; path = MCChatCore.h; sourceTree = "<group>"; };
		A53B85721AA5E7F300C191C2 /* MCChatCore.m */ = {isa = PBXFileReference; fileEncoding = 4; lastKnownFileType = sourcecode.c.objc; path = MCChatCore.m; sourceTree = "<group>"; };
		A58C54241AA5E25900059106 /* mchat.app */ = {isa = PBXFileReference; explicitFileType = wrapper.application; includeInIndex = 0; path = mchat.app; sourceTree = BUILT_PRODUCTS_DIR; };
		A58C54281AA5E25900059106 /* Info.plist */ = {isa = PBXFileReference; lastKnownFileType = text.plist.xml; path = Info.plist; sourceTree = "<group>"; };
		A58C54291AA5E25900059106 /* AppDelegate.h */ = {isa = PBXFileReference; lastKnownFileType = sourcecode.c.h; path = AppDelegate.h; sourceTree = "<group>"; };
		A58C542A1AA5E25900059106 /* AppDelegate.m */ = {isa = PBXFileReference; lastKnownFileType = sourcecode.c.objc; path = AppDelegate.m; sourceTree = "<group>"; };
		A58C542C1AA5E25900059106 /* main.m */ = {isa = PBXFileReference; lastKnownFileType = sourcecode.c.objc; path = main.m; sourceTree = "<group>"; };
		A58C542E1AA5E25900059106 /* CompanionsLstViewController.h */ = {isa = PBXFileReference; lastKnownFileType = sourcecode.c.h; path = CompanionsLstViewController.h; sourceTree = "<group>"; };
		A58C542F1AA5E25900059106 /* CompanionsLstViewController.m */ = {isa = PBXFileReference; lastKnownFileType = sourcecode.c.objc; path = CompanionsLstViewController.m; sourceTree = "<group>"; };
		A58C54311AA5E25900059106 /* Images.xcassets */ = {isa = PBXFileReference; lastKnownFileType = folder.assetcatalog; path = Images.xcassets; sourceTree = "<group>"; };
		A58C54341AA5E25900059106 /* Base */ = {isa = PBXFileReference; lastKnownFileType = file.storyboard; name = Base; path = Base.lproj/Main.storyboard; sourceTree = "<group>"; };
		A58C543A1AA5E25A00059106 /* mchatTests.xctest */ = {isa = PBXFileReference; explicitFileType = wrapper.cfbundle; includeInIndex = 0; path = mchatTests.xctest; sourceTree = BUILT_PRODUCTS_DIR; };
		A58C543F1AA5E25A00059106 /* Info.plist */ = {isa = PBXFileReference; lastKnownFileType = text.plist.xml; path = Info.plist; sourceTree = "<group>"; };
		A58C54401AA5E25A00059106 /* mchatTests.m */ = {isa = PBXFileReference; lastKnownFileType = sourcecode.c.objc; path = mchatTests.m; sourceTree = "<group>"; };
/* End PBXFileReference section */

/* Begin PBXFrameworksBuildPhase section */
		A58C54211AA5E25900059106 /* Frameworks */ = {
			isa = PBXFrameworksBuildPhase;
			buildActionMask = 2147483647;
			files = (
				A50F67F31B307E8200B75059 /* CoreLocation.framework in Frameworks */,
				A50F67F01B30526900B75059 /* AVFoundation.framework in Frameworks */,
			);
			runOnlyForDeploymentPostprocessing = 0;
		};
		A58C54371AA5E25A00059106 /* Frameworks */ = {
			isa = PBXFrameworksBuildPhase;
			buildActionMask = 2147483647;
			files = (
			);
			runOnlyForDeploymentPostprocessing = 0;
		};
/* End PBXFrameworksBuildPhase section */

/* Begin PBXGroup section */
		A50F67EC1B30519A00B75059 /* Resources */ = {
			isa = PBXGroup;
			children = (
				A58C54311AA5E25900059106 /* Images.xcassets */,
				A58C54331AA5E25900059106 /* Main.storyboard */,
				A50F67ED1B3051B200B75059 /* ding-sound.mp3 */,
			);
			name = Resources;
			sourceTree = "<group>";
		};
		A50F67F41B30C12F00B75059 /* Common Classes */ = {
			isa = PBXGroup;
			children = (
				A50F67F51B30C16500B75059 /* LocationMonitor.h */,
				A50F67F61B30C16500B75059 /* LocationMonitor.m */,
			);
			name = "Common Classes";
			sourceTree = "<group>";
		};
		A5187E061B2C5551007D8B7A /* Main Window */ = {
			isa = PBXGroup;
			children = (
				A58C542E1AA5E25900059106 /* CompanionsLstViewController.h */,
				A58C542F1AA5E25900059106 /* CompanionsLstViewController.m */,
				A5187E071B2C568D007D8B7A /* MainWindowController.h */,
				A5187E081B2C568D007D8B7A /* MainWindowController.m */,
				A50F67F81B333BFA00B75059 /* CompanionTableCellView.h */,
				A50F67F91B333BFA00B75059 /* CompanionTableCellView.m */,
			);
			name = "Main Window";
			sourceTree = "<group>";
		};
		A5187E0A1B2C6148007D8B7A /* Enter Name Sheet */ = {
			isa = PBXGroup;
			children = (
				A5187E0B1B2C6194007D8B7A /* EnterYourNameController.h */,
				A5187E0C1B2C6194007D8B7A /* EnterYourNameController.m */,
			);
			name = "Enter Name Sheet";
			sourceTree = "<group>";
		};
		A5830E6B1B2C36FC00183FAA /* MCChat */ = {
			isa = PBXGroup;
			children = (
				A53B85711AA5E7F300C191C2 /* MCChatCore.h */,
				A53B85721AA5E7F300C191C2 /* MCChatCore.m */,
				A52CE7AA1B1B01E2005020A5 /* MCChatClient.h */,
				A52CE7AB1B1B01E2005020A5 /* MCChatClient.m */,
				A52CE7B01B1B2AE9005020A5 /* MCChatUser.h */,
				A52CE7B11B1B2AE9005020A5 /* MCChatUser.m */,
				A50F67E91B30405400B75059 /* MCChatChat.h */,
				A50F67EA1B30405400B75059 /* MCChatChat.m */,
			);
			name = MCChat;
			sourceTree = "<group>";
		};
		A58C541B1AA5E25900059106 = {
			isa = PBXGroup;
			children = (
				A50F67F21B307E8200B75059 /* CoreLocation.framework */,
				A50F67EF1B30526900B75059 /* AVFoundation.framework */,
				A58C54261AA5E25900059106 /* mchat */,
				A58C543D1AA5E25A00059106 /* mchatTests */,
				A58C54251AA5E25900059106 /* Products */,
			);
			sourceTree = "<group>";
		};
		A58C54251AA5E25900059106 /* Products */ = {
			isa = PBXGroup;
			children = (
				A58C54241AA5E25900059106 /* mchat.app */,
				A58C543A1AA5E25A00059106 /* mchatTests.xctest */,
			);
			name = Products;
			sourceTree = "<group>";
		};
		A58C54261AA5E25900059106 /* mchat */ = {
			isa = PBXGroup;
			children = (
				A50F67F41B30C12F00B75059 /* Common Classes */,
				A5830E6B1B2C36FC00183FAA /* MCChat */,
				A50F67EC1B30519A00B75059 /* Resources */,
				A5187E0A1B2C6148007D8B7A /* Enter Name Sheet */,
				A5187E061B2C5551007D8B7A /* Main Window */,
				A58C54291AA5E25900059106 /* AppDelegate.h */,
				A58C542A1AA5E25900059106 /* AppDelegate.m */,
				A58C54271AA5E25900059106 /* Supporting Files */,
			);
			path = mchat;
			sourceTree = "<group>";
		};
		A58C54271AA5E25900059106 /* Supporting Files */ = {
			isa = PBXGroup;
			children = (
				A58C54281AA5E25900059106 /* Info.plist */,
				A58C542C1AA5E25900059106 /* main.m */,
			);
			name = "Supporting Files";
			sourceTree = "<group>";
		};
		A58C543D1AA5E25A00059106 /* mchatTests */ = {
			isa = PBXGroup;
			children = (
				A58C54401AA5E25A00059106 /* mchatTests.m */,
				A58C543E1AA5E25A00059106 /* Supporting Files */,
			);
			path = mchatTests;
			sourceTree = "<group>";
		};
		A58C543E1AA5E25A00059106 /* Supporting Files */ = {
			isa = PBXGroup;
			children = (
				A58C543F1AA5E25A00059106 /* Info.plist */,
			);
			name = "Supporting Files";
			sourceTree = "<group>";
		};
/* End PBXGroup section */

/* Begin PBXNativeTarget section */
		A58C54231AA5E25900059106 /* mchat */ = {
			isa = PBXNativeTarget;
			buildConfigurationList = A58C54441AA5E25A00059106 /* Build configuration list for PBXNativeTarget "mchat" */;
			buildPhases = (
				A58C54201AA5E25900059106 /* Sources */,
				A58C54211AA5E25900059106 /* Frameworks */,
				A58C54221AA5E25900059106 /* Resources */,
				A50F67F11B306DA400B75059 /* ShellScript */,
			);
			buildRules = (
			);
			dependencies = (
			);
			name = mchat;
			productName = mchat;
			productReference = A58C54241AA5E25900059106 /* mchat.app */;
			productType = "com.apple.product-type.application";
		};
		A58C54391AA5E25A00059106 /* mchatTests */ = {
			isa = PBXNativeTarget;
			buildConfigurationList = A58C54471AA5E25A00059106 /* Build configuration list for PBXNativeTarget "mchatTests" */;
			buildPhases = (
				A58C54361AA5E25A00059106 /* Sources */,
				A58C54371AA5E25A00059106 /* Frameworks */,
				A58C54381AA5E25A00059106 /* Resources */,
			);
			buildRules = (
			);
			dependencies = (
				A58C543C1AA5E25A00059106 /* PBXTargetDependency */,
			);
			name = mchatTests;
			productName = mchatTests;
			productReference = A58C543A1AA5E25A00059106 /* mchatTests.xctest */;
			productType = "com.apple.product-type.bundle.unit-test";
		};
/* End PBXNativeTarget section */

/* Begin PBXProject section */
		A58C541C1AA5E25900059106 /* Project object */ = {
			isa = PBXProject;
			attributes = {
				LastUpgradeCheck = 0610;
				ORGANIZATIONNAME = "Sergey Zinchenko";
				TargetAttributes = {
					A58C54231AA5E25900059106 = {
						CreatedOnToolsVersion = 6.1.1;
						DevelopmentTeam = NW68E34MT5;
					};
					A58C54391AA5E25A00059106 = {
						CreatedOnToolsVersion = 6.1.1;
						TestTargetID = A58C54231AA5E25900059106;
					};
				};
			};
			buildConfigurationList = A58C541F1AA5E25900059106 /* Build configuration list for PBXProject "mchat" */;
			compatibilityVersion = "Xcode 3.2";
			developmentRegion = English;
			hasScannedForEncodings = 0;
			knownRegions = (
				en,
				Base,
			);
			mainGroup = A58C541B1AA5E25900059106;
			productRefGroup = A58C54251AA5E25900059106 /* Products */;
			projectDirPath = "";
			projectRoot = "";
			targets = (
				A58C54231AA5E25900059106 /* mchat */,
				A58C54391AA5E25A00059106 /* mchatTests */,
			);
		};
/* End PBXProject section */

/* Begin PBXResourcesBuildPhase section */
		A58C54221AA5E25900059106 /* Resources */ = {
			isa = PBXResourcesBuildPhase;
			buildActionMask = 2147483647;
			files = (
				A50F67EE1B3051B200B75059 /* ding-sound.mp3 in Resources */,
				A58C54321AA5E25900059106 /* Images.xcassets in Resources */,
				A58C54351AA5E25900059106 /* Main.storyboard in Resources */,
			);
			runOnlyForDeploymentPostprocessing = 0;
		};
		A58C54381AA5E25A00059106 /* Resources */ = {
			isa = PBXResourcesBuildPhase;
			buildActionMask = 2147483647;
			files = (
			);
			runOnlyForDeploymentPostprocessing = 0;
		};
/* End PBXResourcesBuildPhase section */

/* Begin PBXShellScriptBuildPhase section */
		A50F67F11B306DA400B75059 /* ShellScript */ = {
			isa = PBXShellScriptBuildPhase;
			buildActionMask = 2147483647;
			files = (
			);
			inputPaths = (
			);
			outputPaths = (
			);
			runOnlyForDeploymentPostprocessing = 0;
			shellPath = /bin/sh;
			shellScript = "#!/bin/bash\nbuildNumber=$(/usr/libexec/PlistBuddy -c \"Print CFBundleVersion\" \"$INFOPLIST_FILE\")\nbuildNumber=$(($buildNumber + 1))\n/usr/libexec/PlistBuddy -c \"Set :CFBundleVersion $buildNumber\" \"$INFOPLIST_FILE\"";
		};
/* End PBXShellScriptBuildPhase section */

/* Begin PBXSourcesBuildPhase section */
		A58C54201AA5E25900059106 /* Sources */ = {
			isa = PBXSourcesBuildPhase;
			buildActionMask = 2147483647;
			files = (
				A58C54301AA5E25900059106 /* CompanionsLstViewController.m in Sources */,
				A58C542D1AA5E25900059106 /* main.m in Sources */,
				A50F67FA1B333BFA00B75059 /* CompanionTableCellView.m in Sources */,
				A52CE7B21B1B2AE9005020A5 /* MCChatUser.m in Sources */,
				A5187E091B2C568D007D8B7A /* MainWindowController.m in Sources */,
				A50F67F71B30C16500B75059 /* LocationMonitor.m in Sources */,
				A52CE7AC1B1B01E2005020A5 /* MCChatClient.m in Sources */,
				A53B85731AA5E7F300C191C2 /* MCChatCore.m in Sources */,
				A5187E0D1B2C6194007D8B7A /* EnterYourNameController.m in Sources */,
				A58C542B1AA5E25900059106 /* AppDelegate.m in Sources */,
				A50F67EB1B30405400B75059 /* MCChatChat.m in Sources */,
			);
			runOnlyForDeploymentPostprocessing = 0;
		};
		A58C54361AA5E25A00059106 /* Sources */ = {
			isa = PBXSourcesBuildPhase;
			buildActionMask = 2147483647;
			files = (
				A58C54411AA5E25A00059106 /* mchatTests.m in Sources */,
			);
			runOnlyForDeploymentPostprocessing = 0;
		};
/* End PBXSourcesBuildPhase section */

/* Begin PBXTargetDependency section */
		A58C543C1AA5E25A00059106 /* PBXTargetDependency */ = {
			isa = PBXTargetDependency;
			target = A58C54231AA5E25900059106 /* mchat */;
			targetProxy = A58C543B1AA5E25A00059106 /* PBXContainerItemProxy */;
		};
/* End PBXTargetDependency section */

/* Begin PBXVariantGroup section */
		A58C54331AA5E25900059106 /* Main.storyboard */ = {
			isa = PBXVariantGroup;
			children = (
				A58C54341AA5E25900059106 /* Base */,
			);
			name = Main.storyboard;
			sourceTree = "<group>";
		};
/* End PBXVariantGroup section */

/* Begin XCBuildConfiguration section */
		A58C54421AA5E25A00059106 /* Debug */ = {
			isa = XCBuildConfiguration;
			buildSettings = {
				ALWAYS_SEARCH_USER_PATHS = NO;
				CLANG_CXX_LANGUAGE_STANDARD = "gnu++0x";
				CLANG_CXX_LIBRARY = "libc++";
				CLANG_ENABLE_MODULES = YES;
				CLANG_ENABLE_OBJC_ARC = YES;
				CLANG_WARN_BOOL_CONVERSION = YES;
				CLANG_WARN_CONSTANT_CONVERSION = YES;
				CLANG_WARN_DIRECT_OBJC_ISA_USAGE = YES_ERROR;
				CLANG_WARN_EMPTY_BODY = YES;
				CLANG_WARN_ENUM_CONVERSION = YES;
				CLANG_WARN_INT_CONVERSION = YES;
				CLANG_WARN_OBJC_ROOT_CLASS = YES_ERROR;
				CLANG_WARN_UNREACHABLE_CODE = YES;
				CLANG_WARN__DUPLICATE_METHOD_MATCH = YES;
				CODE_SIGN_IDENTITY = "-";
				COPY_PHASE_STRIP = NO;
				ENABLE_STRICT_OBJC_MSGSEND = YES;
				GCC_C_LANGUAGE_STANDARD = gnu99;
				GCC_DYNAMIC_NO_PIC = NO;
				GCC_OPTIMIZATION_LEVEL = 0;
				GCC_PREPROCESSOR_DEFINITIONS = (
					"DEBUG=1",
					"$(inherited)",
				);
				GCC_SYMBOLS_PRIVATE_EXTERN = NO;
				GCC_WARN_64_TO_32_BIT_CONVERSION = YES;
				GCC_WARN_ABOUT_RETURN_TYPE = YES_ERROR;
				GCC_WARN_UNDECLARED_SELECTOR = YES;
				GCC_WARN_UNINITIALIZED_AUTOS = YES_AGGRESSIVE;
				GCC_WARN_UNUSED_FUNCTION = YES;
				GCC_WARN_UNUSED_VARIABLE = YES;
				MACOSX_DEPLOYMENT_TARGET = 10.10;
				MTL_ENABLE_DEBUG_INFO = YES;
				ONLY_ACTIVE_ARCH = YES;
				SDKROOT = macosx;
			};
			name = Debug;
		};
		A58C54431AA5E25A00059106 /* Release */ = {
			isa = XCBuildConfiguration;
			buildSettings = {
				ALWAYS_SEARCH_USER_PATHS = NO;
				CLANG_CXX_LANGUAGE_STANDARD = "gnu++0x";
				CLANG_CXX_LIBRARY = "libc++";
				CLANG_ENABLE_MODULES = YES;
				CLANG_ENABLE_OBJC_ARC = YES;
				CLANG_WARN_BOOL_CONVERSION = YES;
				CLANG_WARN_CONSTANT_CONVERSION = YES;
				CLANG_WARN_DIRECT_OBJC_ISA_USAGE = YES_ERROR;
				CLANG_WARN_EMPTY_BODY = YES;
				CLANG_WARN_ENUM_CONVERSION = YES;
				CLANG_WARN_INT_CONVERSION = YES;
				CLANG_WARN_OBJC_ROOT_CLASS = YES_ERROR;
				CLANG_WARN_UNREACHABLE_CODE = YES;
				CLANG_WARN__DUPLICATE_METHOD_MATCH = YES;
				CODE_SIGN_IDENTITY = "-";
				COPY_PHASE_STRIP = YES;
				DEBUG_INFORMATION_FORMAT = "dwarf-with-dsym";
				ENABLE_NS_ASSERTIONS = NO;
				ENABLE_STRICT_OBJC_MSGSEND = YES;
				GCC_C_LANGUAGE_STANDARD = gnu99;
				GCC_WARN_64_TO_32_BIT_CONVERSION = YES;
				GCC_WARN_ABOUT_RETURN_TYPE = YES_ERROR;
				GCC_WARN_UNDECLARED_SELECTOR = YES;
				GCC_WARN_UNINITIALIZED_AUTOS = YES_AGGRESSIVE;
				GCC_WARN_UNUSED_FUNCTION = YES;
				GCC_WARN_UNUSED_VARIABLE = YES;
				MACOSX_DEPLOYMENT_TARGET = 10.10;
				MTL_ENABLE_DEBUG_INFO = NO;
				SDKROOT = macosx;
			};
			name = Release;
		};
		A58C54451AA5E25A00059106 /* Debug */ = {
			isa = XCBuildConfiguration;
			buildSettings = {
				ASSETCATALOG_COMPILER_APPICON_NAME = AppIcon;
				CODE_SIGN_IDENTITY = "Mac Developer";
				COMBINE_HIDPI_IMAGES = YES;
				INFOPLIST_FILE = mchat/Info.plist;
				LD_RUNPATH_SEARCH_PATHS = "$(inherited) @executable_path/../Frameworks";
				PRODUCT_NAME = "$(TARGET_NAME)";
				PROVISIONING_PROFILE = "5ff66f8f-a3ce-4f8e-86fa-d267cbc8d1d2";
			};
			name = Debug;
		};
		A58C54461AA5E25A00059106 /* Release */ = {
			isa = XCBuildConfiguration;
			buildSettings = {
				ASSETCATALOG_COMPILER_APPICON_NAME = AppIcon;
				CODE_SIGN_IDENTITY = "Mac Developer";
				COMBINE_HIDPI_IMAGES = YES;
				INFOPLIST_FILE = mchat/Info.plist;
				LD_RUNPATH_SEARCH_PATHS = "$(inherited) @executable_path/../Frameworks";
				PRODUCT_NAME = "$(TARGET_NAME)";
				PROVISIONING_PROFILE = "d92c7936-51d9-4ab0-9ee7-87c17aa3f342";
			};
			name = Release;
		};
		A58C54481AA5E25A00059106 /* Debug */ = {
			isa = XCBuildConfiguration;
			buildSettings = {
				BUNDLE_LOADER = "$(TEST_HOST)";
				COMBINE_HIDPI_IMAGES = YES;
				FRAMEWORK_SEARCH_PATHS = (
					"$(DEVELOPER_FRAMEWORKS_DIR)",
					"$(inherited)",
				);
				GCC_PREPROCESSOR_DEFINITIONS = (
					"DEBUG=1",
					"$(inherited)",
				);
				INFOPLIST_FILE = mchatTests/Info.plist;
				LD_RUNPATH_SEARCH_PATHS = "$(inherited) @executable_path/../Frameworks @loader_path/../Frameworks";
				PRODUCT_NAME = "$(TARGET_NAME)";
				TEST_HOST = "$(BUILT_PRODUCTS_DIR)/mchat.app/Contents/MacOS/mchat";
			};
			name = Debug;
		};
		A58C54491AA5E25A00059106 /* Release */ = {
			isa = XCBuildConfiguration;
			buildSettings = {
				BUNDLE_LOADER = "$(TEST_HOST)";
				COMBINE_HIDPI_IMAGES = YES;
				FRAMEWORK_SEARCH_PATHS = (
					"$(DEVELOPER_FRAMEWORKS_DIR)",
					"$(inherited)",
				);
				INFOPLIST_FILE = mchatTests/Info.plist;
				LD_RUNPATH_SEARCH_PATHS = "$(inherited) @executable_path/../Frameworks @loader_path/../Frameworks";
				PRODUCT_NAME = "$(TARGET_NAME)";
				TEST_HOST = "$(BUILT_PRODUCTS_DIR)/mchat.app/Contents/MacOS/mchat";
			};
			name = Release;
		};
/* End XCBuildConfiguration section */

/* Begin XCConfigurationList section */
		A58C541F1AA5E25900059106 /* Build configuration list for PBXProject "mchat" */ = {
			isa = XCConfigurationList;
			buildConfigurations = (
				A58C54421AA5E25A00059106 /* Debug */,
				A58C54431AA5E25A00059106 /* Release */,
			);
			defaultConfigurationIsVisible = 0;
			defaultConfigurationName = Release;
		};
		A58C54441AA5E25A00059106 /* Build configuration list for PBXNativeTarget "mchat" */ = {
			isa = XCConfigurationList;
			buildConfigurations = (
				A58C54451AA5E25A00059106 /* Debug */,
				A58C54461AA5E25A00059106 /* Release */,
			);
			defaultConfigurationIsVisible = 0;
			defaultConfigurationName = Release;
		};
		A58C54471AA5E25A00059106 /* Build configuration list for PBXNativeTarget "mchatTests" */ = {
			isa = XCConfigurationList;
			buildConfigurations = (
				A58C54481AA5E25A00059106 /* Debug */,
				A58C54491AA5E25A00059106 /* Release */,
			);
			defaultConfigurationIsVisible = 0;
			defaultConfigurationName = Release;
		};
/* End XCConfigurationList section */
	};
	rootObject = A58C541C1AA5E25900059106 /* Project object */;
}
